
Microsoft Visual Studio Solution File, Format Version 12.00
# Visual Studio Version 17
VisualStudioVersion = 17.11.35312.102
MinimumVisualStudioVersion = 10.0.40219.1
Project("{8BC9CEB8-8B4A-11D0-8D11-00A0C91BC942}") = "workermanagement", "workermanagement.vcxproj", "{862A7637-C42A-4849-BBA1-7F9117AF4CE2}"
EndProject
Global
	GlobalSection(SolutionConfigurationPlatforms) = preSolution
		Debug|x64 = Debug|x64
		Debug|x86 = Debug|x86
		Release|x64 = Release|x64
		Release|x86 = Release|x86
	EndGlobalSection
	GlobalSection(ProjectConfigurationPlatforms) = postSolution
		{862A7637-C42A-4849-BBA1-7F9117AF4CE2}.Debug|x64.ActiveCfg = Debug|x64
		{862A7637-C42A-4849-BBA1-7F9117AF4CE2}.Debug|x64.Build.0 = Debug|x64
		{862A7637-C42A-4849-BBA1-7F9117AF4CE2}.Debug|x86.ActiveCfg = Debug|Win32
		{862A7637-C42A-4849-BBA1-7F9117AF4CE2}.Debug|x86.Build.0 = Debug|Win32
		{862A7637-C42A-4849-BBA1-7F9117AF4CE2}.Release|x64.ActiveCfg = Release|x64
		{862A7637-C42A-4849-BBA1-7F9117AF4CE2}.Release|x64.Build.0 = Release|x64
		{862A7637-C42A-4849-BBA1-7F9117AF4CE2}.Release|x86.ActiveCfg = Release|Win32
		{862A7637-C42A-4849-BBA1-7F9117AF4CE2}.Release|x86.Build.0 = Release|Win32
	EndGlobalSection
	GlobalSection(SolutionProperties) = preSolution
		HideSolutionNode = FALSE
	EndGlobalSection
	GlobalSection(ExtensibilityGlobals) = postSolution
		SolutionGuid = {46B842DB-8665-4CF4-84E3-243010B5C112}
	EndGlobalSection
EndGlobal
